// !$*UTF8*$!
{
	archiveVersion = 1;
	classes = {
	};
	objectVersion = 50;
	objects = {

/* Begin PBXBuildFile section */
		08A248DE4FA8BBB309904EB0 /* Pods_BitcoinPriceTracker.framework in Frameworks */ = {isa = PBXBuildFile; fileRef = 7732B9A39709E2E4D1EE01A7 /* Pods_BitcoinPriceTracker.framework */; };
		3CD8BA7FFEF674AD597270BD /* Pods_BitcoinPriceTrackerTests.framework in Frameworks */ = {isa = PBXBuildFile; fileRef = CE9FDF909B5301B34088AC92 /* Pods_BitcoinPriceTrackerTests.framework */; };
		782017322250902B00DDF496 /* AppDelegate.swift in Sources */ = {isa = PBXBuildFile; fileRef = 782017312250902B00DDF496 /* AppDelegate.swift */; };
		782017342250902B00DDF496 /* ViewController.swift in Sources */ = {isa = PBXBuildFile; fileRef = 782017332250902B00DDF496 /* ViewController.swift */; };
		782017372250902B00DDF496 /* Main.storyboard in Resources */ = {isa = PBXBuildFile; fileRef = 782017352250902B00DDF496 /* Main.storyboard */; };
		7820173A2250902B00DDF496 /* BitcoinPriceTracker.xcdatamodeld in Sources */ = {isa = PBXBuildFile; fileRef = 782017382250902B00DDF496 /* BitcoinPriceTracker.xcdatamodeld */; };
		7820173C2250902D00DDF496 /* Assets.xcassets in Resources */ = {isa = PBXBuildFile; fileRef = 7820173B2250902D00DDF496 /* Assets.xcassets */; };
		7820173F2250902D00DDF496 /* LaunchScreen.storyboard in Resources */ = {isa = PBXBuildFile; fileRef = 7820173D2250902D00DDF496 /* LaunchScreen.storyboard */; };
		7820174A2250902D00DDF496 /* BitcoinPriceTrackerTests.swift in Sources */ = {isa = PBXBuildFile; fileRef = 782017492250902D00DDF496 /* BitcoinPriceTrackerTests.swift */; };
		782017552250902D00DDF496 /* BitcoinPriceTrackerUITests.swift in Sources */ = {isa = PBXBuildFile; fileRef = 782017542250902D00DDF496 /* BitcoinPriceTrackerUITests.swift */; };
		7B1882D004A5E551757B4F6F /* Pods_BitcoinPriceTrackerUITests.framework in Frameworks */ = {isa = PBXBuildFile; fileRef = 71E94999B52D25C839FD8AAD /* Pods_BitcoinPriceTrackerUITests.framework */; };
/* End PBXBuildFile section */

/* Begin PBXContainerItemProxy section */
		782017462250902D00DDF496 /* PBXContainerItemProxy */ = {
			isa = PBXContainerItemProxy;
			containerPortal = 782017262250902B00DDF496 /* Project object */;
			proxyType = 1;
			remoteGlobalIDString = 7820172D2250902B00DDF496;
			remoteInfo = BitcoinPriceTracker;
		};
		782017512250902D00DDF496 /* PBXContainerItemProxy */ = {
			isa = PBXContainerItemProxy;
			containerPortal = 782017262250902B00DDF496 /* Project object */;
			proxyType = 1;
			remoteGlobalIDString = 7820172D2250902B00DDF496;
			remoteInfo = BitcoinPriceTracker;
		};
/* End PBXContainerItemProxy section */

/* Begin PBXFileReference section */
		289A436CCEF2F1ACD4A79E19 /* Pods-BitcoinPriceTrackerTests.debug.xcconfig */ = {isa = PBXFileReference; includeInIndex = 1; lastKnownFileType = text.xcconfig; name = "Pods-BitcoinPriceTrackerTests.debug.xcconfig"; path = "Target Support Files/Pods-BitcoinPriceTrackerTests/Pods-BitcoinPriceTrackerTests.debug.xcconfig"; sourceTree = "<group>"; };
		71E94999B52D25C839FD8AAD /* Pods_BitcoinPriceTrackerUITests.framework */ = {isa = PBXFileReference; explicitFileType = wrapper.framework; includeInIndex = 0; path = Pods_BitcoinPriceTrackerUITests.framework; sourceTree = BUILT_PRODUCTS_DIR; };
		7732B9A39709E2E4D1EE01A7 /* Pods_BitcoinPriceTracker.framework */ = {isa = PBXFileReference; explicitFileType = wrapper.framework; includeInIndex = 0; path = Pods_BitcoinPriceTracker.framework; sourceTree = BUILT_PRODUCTS_DIR; };
		7820172E2250902B00DDF496 /* BitcoinPriceTracker.app */ = {isa = PBXFileReference; explicitFileType = wrapper.application; includeInIndex = 0; path = BitcoinPriceTracker.app; sourceTree = BUILT_PRODUCTS_DIR; };
		782017312250902B00DDF496 /* AppDelegate.swift */ = {isa = PBXFileReference; lastKnownFileType = sourcecode.swift; path = AppDelegate.swift; sourceTree = "<group>"; };
		782017332250902B00DDF496 /* ViewController.swift */ = {isa = PBXFileReference; lastKnownFileType = sourcecode.swift; path = ViewController.swift; sourceTree = "<group>"; };
		782017362250902B00DDF496 /* Base */ = {isa = PBXFileReference; lastKnownFileType = file.storyboard; name = Base; path = Base.lproj/Main.storyboard; sourceTree = "<group>"; };
		782017392250902B00DDF496 /* BitcoinPriceTracker.xcdatamodel */ = {isa = PBXFileReference; lastKnownFileType = wrapper.xcdatamodel; path = BitcoinPriceTracker.xcdatamodel; sourceTree = "<group>"; };
		7820173B2250902D00DDF496 /* Assets.xcassets */ = {isa = PBXFileReference; lastKnownFileType = folder.assetcatalog; path = Assets.xcassets; sourceTree = "<group>"; };
		7820173E2250902D00DDF496 /* Base */ = {isa = PBXFileReference; lastKnownFileType = file.storyboard; name = Base; path = Base.lproj/LaunchScreen.storyboard; sourceTree = "<group>"; };
		782017402250902D00DDF496 /* Info.plist */ = {isa = PBXFileReference; lastKnownFileType = text.plist.xml; path = Info.plist; sourceTree = "<group>"; };
		782017452250902D00DDF496 /* BitcoinPriceTrackerTests.xctest */ = {isa = PBXFileReference; explicitFileType = wrapper.cfbundle; includeInIndex = 0; path = BitcoinPriceTrackerTests.xctest; sourceTree = BUILT_PRODUCTS_DIR; };
		782017492250902D00DDF496 /* BitcoinPriceTrackerTests.swift */ = {isa = PBXFileReference; lastKnownFileType = sourcecode.swift; path = BitcoinPriceTrackerTests.swift; sourceTree = "<group>"; };
		7820174B2250902D00DDF496 /* Info.plist */ = {isa = PBXFileReference; lastKnownFileType = text.plist.xml; path = Info.plist; sourceTree = "<group>"; };
		782017502250902D00DDF496 /* BitcoinPriceTrackerUITests.xctest */ = {isa = PBXFileReference; explicitFileType = wrapper.cfbundle; includeInIndex = 0; path = BitcoinPriceTrackerUITests.xctest; sourceTree = BUILT_PRODUCTS_DIR; };
		782017542250902D00DDF496 /* BitcoinPriceTrackerUITests.swift */ = {isa = PBXFileReference; lastKnownFileType = sourcecode.swift; path = BitcoinPriceTrackerUITests.swift; sourceTree = "<group>"; };
		782017562250902D00DDF496 /* Info.plist */ = {isa = PBXFileReference; lastKnownFileType = text.plist.xml; path = Info.plist; sourceTree = "<group>"; };
		7F32AB7441AAA0D88E811806 /* Pods-BitcoinPriceTrackerTests.release.xcconfig */ = {isa = PBXFileReference; includeInIndex = 1; lastKnownFileType = text.xcconfig; name = "Pods-BitcoinPriceTrackerTests.release.xcconfig"; path = "Target Support Files/Pods-BitcoinPriceTrackerTests/Pods-BitcoinPriceTrackerTests.release.xcconfig"; sourceTree = "<group>"; };
		A1AA48D88C7816AA9C9E7F34 /* Pods-BitcoinPriceTrackerUITests.debug.xcconfig */ = {isa = PBXFileReference; includeInIndex = 1; lastKnownFileType = text.xcconfig; name = "Pods-BitcoinPriceTrackerUITests.debug.xcconfig"; path = "Target Support Files/Pods-BitcoinPriceTrackerUITests/Pods-BitcoinPriceTrackerUITests.debug.xcconfig"; sourceTree = "<group>"; };
		ABB08FF8D9085D9268A59806 /* Pods-BitcoinPriceTrackerUITests.release.xcconfig */ = {isa = PBXFileReference; includeInIndex = 1; lastKnownFileType = text.xcconfig; name = "Pods-BitcoinPriceTrackerUITests.release.xcconfig"; path = "Target Support Files/Pods-BitcoinPriceTrackerUITests/Pods-BitcoinPriceTrackerUITests.release.xcconfig"; sourceTree = "<group>"; };
		B7D0D0B6DE5C6EB039E24595 /* Pods-BitcoinPriceTracker.debug.xcconfig */ = {isa = PBXFileReference; includeInIndex = 1; lastKnownFileType = text.xcconfig; name = "Pods-BitcoinPriceTracker.debug.xcconfig"; path = "Target Support Files/Pods-BitcoinPriceTracker/Pods-BitcoinPriceTracker.debug.xcconfig"; sourceTree = "<group>"; };
		CE9FDF909B5301B34088AC92 /* Pods_BitcoinPriceTrackerTests.framework */ = {isa = PBXFileReference; explicitFileType = wrapper.framework; includeInIndex = 0; path = Pods_BitcoinPriceTrackerTests.framework; sourceTree = BUILT_PRODUCTS_DIR; };
		E2E7BEE644AB10C1A3771B83 /* Pods-BitcoinPriceTracker.release.xcconfig */ = {isa = PBXFileReference; includeInIndex = 1; lastKnownFileType = text.xcconfig; name = "Pods-BitcoinPriceTracker.release.xcconfig"; path = "Target Support Files/Pods-BitcoinPriceTracker/Pods-BitcoinPriceTracker.release.xcconfig"; sourceTree = "<group>"; };
/* End PBXFileReference section */

/* Begin PBXFrameworksBuildPhase section */
		7820172B2250902B00DDF496 /* Frameworks */ = {
			isa = PBXFrameworksBuildPhase;
			buildActionMask = 2147483647;
			files = (
				08A248DE4FA8BBB309904EB0 /* Pods_BitcoinPriceTracker.framework in Frameworks */,
			);
			runOnlyForDeploymentPostprocessing = 0;
		};
		782017422250902D00DDF496 /* Frameworks */ = {
			isa = PBXFrameworksBuildPhase;
			buildActionMask = 2147483647;
			files = (
				3CD8BA7FFEF674AD597270BD /* Pods_BitcoinPriceTrackerTests.framework in Frameworks */,
			);
			runOnlyForDeploymentPostprocessing = 0;
		};
		7820174D2250902D00DDF496 /* Frameworks */ = {
			isa = PBXFrameworksBuildPhase;
			buildActionMask = 2147483647;
			files = (
				7B1882D004A5E551757B4F6F /* Pods_BitcoinPriceTrackerUITests.framework in Frameworks */,
			);
			runOnlyForDeploymentPostprocessing = 0;
		};
/* End PBXFrameworksBuildPhase section */

/* Begin PBXGroup section */
		782017252250902B00DDF496 = {
			isa = PBXGroup;
			children = (
				782017302250902B00DDF496 /* BitcoinPriceTracker */,
				782017482250902D00DDF496 /* BitcoinPriceTrackerTests */,
				782017532250902D00DDF496 /* BitcoinPriceTrackerUITests */,
				7820172F2250902B00DDF496 /* Products */,
				D5D4F99359907F52B66231A1 /* Pods */,
				9ACDF2ADA9186D1CE5B36B9A /* Frameworks */,
			);
			sourceTree = "<group>";
		};
		7820172F2250902B00DDF496 /* Products */ = {
			isa = PBXGroup;
			children = (
				7820172E2250902B00DDF496 /* BitcoinPriceTracker.app */,
				782017452250902D00DDF496 /* BitcoinPriceTrackerTests.xctest */,
				782017502250902D00DDF496 /* BitcoinPriceTrackerUITests.xctest */,
			);
			name = Products;
			sourceTree = "<group>";
		};
		782017302250902B00DDF496 /* BitcoinPriceTracker */ = {
			isa = PBXGroup;
			children = (
				782017312250902B00DDF496 /* AppDelegate.swift */,
				782017332250902B00DDF496 /* ViewController.swift */,
				782017352250902B00DDF496 /* Main.storyboard */,
				7820173B2250902D00DDF496 /* Assets.xcassets */,
				7820173D2250902D00DDF496 /* LaunchScreen.storyboard */,
				782017402250902D00DDF496 /* Info.plist */,
				782017382250902B00DDF496 /* BitcoinPriceTracker.xcdatamodeld */,
			);
			path = BitcoinPriceTracker;
			sourceTree = "<group>";
		};
		782017482250902D00DDF496 /* BitcoinPriceTrackerTests */ = {
			isa = PBXGroup;
			children = (
				782017492250902D00DDF496 /* BitcoinPriceTrackerTests.swift */,
				7820174B2250902D00DDF496 /* Info.plist */,
			);
			path = BitcoinPriceTrackerTests;
			sourceTree = "<group>";
		};
		782017532250902D00DDF496 /* BitcoinPriceTrackerUITests */ = {
			isa = PBXGroup;
			children = (
				782017542250902D00DDF496 /* BitcoinPriceTrackerUITests.swift */,
				782017562250902D00DDF496 /* Info.plist */,
			);
			path = BitcoinPriceTrackerUITests;
			sourceTree = "<group>";
		};
		9ACDF2ADA9186D1CE5B36B9A /* Frameworks */ = {
			isa = PBXGroup;
			children = (
				7732B9A39709E2E4D1EE01A7 /* Pods_BitcoinPriceTracker.framework */,
				CE9FDF909B5301B34088AC92 /* Pods_BitcoinPriceTrackerTests.framework */,
				71E94999B52D25C839FD8AAD /* Pods_BitcoinPriceTrackerUITests.framework */,
			);
			name = Frameworks;
			sourceTree = "<group>";
		};
		D5D4F99359907F52B66231A1 /* Pods */ = {
			isa = PBXGroup;
			children = (
				B7D0D0B6DE5C6EB039E24595 /* Pods-BitcoinPriceTracker.debug.xcconfig */,
				E2E7BEE644AB10C1A3771B83 /* Pods-BitcoinPriceTracker.release.xcconfig */,
				289A436CCEF2F1ACD4A79E19 /* Pods-BitcoinPriceTrackerTests.debug.xcconfig */,
				7F32AB7441AAA0D88E811806 /* Pods-BitcoinPriceTrackerTests.release.xcconfig */,
				A1AA48D88C7816AA9C9E7F34 /* Pods-BitcoinPriceTrackerUITests.debug.xcconfig */,
				ABB08FF8D9085D9268A59806 /* Pods-BitcoinPriceTrackerUITests.release.xcconfig */,
			);
			name = Pods;
			path = Pods;
			sourceTree = "<group>";
		};
/* End PBXGroup section */

/* Begin PBXNativeTarget section */
		7820172D2250902B00DDF496 /* BitcoinPriceTracker */ = {
			isa = PBXNativeTarget;
			buildConfigurationList = 782017592250902D00DDF496 /* Build configuration list for PBXNativeTarget "BitcoinPriceTracker" */;
			buildPhases = (
				1B525D876643AF611EFCB6D7 /* [CP] Check Pods Manifest.lock */,
				7820172A2250902B00DDF496 /* Sources */,
				7820172B2250902B00DDF496 /* Frameworks */,
				7820172C2250902B00DDF496 /* Resources */,
				20AA7DDF6E3CE6AAA7D10A15 /* [CP] Embed Pods Frameworks */,
			);
			buildRules = (
			);
			dependencies = (
			);
			name = BitcoinPriceTracker;
			productName = BitcoinPriceTracker;
			productReference = 7820172E2250902B00DDF496 /* BitcoinPriceTracker.app */;
			productType = "com.apple.product-type.application";
		};
		782017442250902D00DDF496 /* BitcoinPriceTrackerTests */ = {
			isa = PBXNativeTarget;
			buildConfigurationList = 7820175C2250902D00DDF496 /* Build configuration list for PBXNativeTarget "BitcoinPriceTrackerTests" */;
			buildPhases = (
				3B89B50358C390BC7E96D518 /* [CP] Check Pods Manifest.lock */,
				782017412250902D00DDF496 /* Sources */,
				782017422250902D00DDF496 /* Frameworks */,
				782017432250902D00DDF496 /* Resources */,
			);
			buildRules = (
			);
			dependencies = (
				782017472250902D00DDF496 /* PBXTargetDependency */,
			);
			name = BitcoinPriceTrackerTests;
			productName = BitcoinPriceTrackerTests;
			productReference = 782017452250902D00DDF496 /* BitcoinPriceTrackerTests.xctest */;
			productType = "com.apple.product-type.bundle.unit-test";
		};
		7820174F2250902D00DDF496 /* BitcoinPriceTrackerUITests */ = {
			isa = PBXNativeTarget;
			buildConfigurationList = 7820175F2250902D00DDF496 /* Build configuration list for PBXNativeTarget "BitcoinPriceTrackerUITests" */;
			buildPhases = (
				FF6CC044C8F427D3F5FC959F /* [CP] Check Pods Manifest.lock */,
				7820174C2250902D00DDF496 /* Sources */,
				7820174D2250902D00DDF496 /* Frameworks */,
				7820174E2250902D00DDF496 /* Resources */,
			);
			buildRules = (
			);
			dependencies = (
				782017522250902D00DDF496 /* PBXTargetDependency */,
			);
			name = BitcoinPriceTrackerUITests;
			productName = BitcoinPriceTrackerUITests;
			productReference = 782017502250902D00DDF496 /* BitcoinPriceTrackerUITests.xctest */;
			productType = "com.apple.product-type.bundle.ui-testing";
		};
/* End PBXNativeTarget section */

/* Begin PBXProject section */
		782017262250902B00DDF496 /* Project object */ = {
			isa = PBXProject;
			attributes = {
				LastSwiftUpdateCheck = 1010;
				LastUpgradeCheck = 1010;
				ORGANIZATIONNAME = amog787;
				TargetAttributes = {
					7820172D2250902B00DDF496 = {
						CreatedOnToolsVersion = 10.1;
					};
					782017442250902D00DDF496 = {
						CreatedOnToolsVersion = 10.1;
						TestTargetID = 7820172D2250902B00DDF496;
					};
					7820174F2250902D00DDF496 = {
						CreatedOnToolsVersion = 10.1;
						TestTargetID = 7820172D2250902B00DDF496;
					};
				};
			};
			buildConfigurationList = 782017292250902B00DDF496 /* Build configuration list for PBXProject "BitcoinPriceTracker" */;
			compatibilityVersion = "Xcode 9.3";
			developmentRegion = en;
			hasScannedForEncodings = 0;
			knownRegions = (
				en,
				Base,
			);
			mainGroup = 782017252250902B00DDF496;
			productRefGroup = 7820172F2250902B00DDF496 /* Products */;
			projectDirPath = "";
			projectRoot = "";
			targets = (
				7820172D2250902B00DDF496 /* BitcoinPriceTracker */,
				782017442250902D00DDF496 /* BitcoinPriceTrackerTests */,
				7820174F2250902D00DDF496 /* BitcoinPriceTrackerUITests */,
			);
		};
/* End PBXProject section */

/* Begin PBXResourcesBuildPhase section */
		7820172C2250902B00DDF496 /* Resources */ = {
			isa = PBXResourcesBuildPhase;
			buildActionMask = 2147483647;
			files = (
				7820173F2250902D00DDF496 /* LaunchScreen.storyboard in Resources */,
				7820173C2250902D00DDF496 /* Assets.xcassets in Resources */,
				782017372250902B00DDF496 /* Main.storyboard in Resources */,
			);
			runOnlyForDeploymentPostprocessing = 0;
		};
		782017432250902D00DDF496 /* Resources */ = {
			isa = PBXResourcesBuildPhase;
			buildActionMask = 2147483647;
			files = (
			);
			runOnlyForDeploymentPostprocessing = 0;
		};
		7820174E2250902D00DDF496 /* Resources */ = {
			isa = PBXResourcesBuildPhase;
			buildActionMask = 2147483647;
			files = (
			);
			runOnlyForDeploymentPostprocessing = 0;
		};
/* End PBXResourcesBuildPhase section */

/* Begin PBXShellScriptBuildPhase section */
		1B525D876643AF611EFCB6D7 /* [CP] Check Pods Manifest.lock */ = {
			isa = PBXShellScriptBuildPhase;
			buildActionMask = 2147483647;
			files = (
			);
			inputFileListPaths = (
			);
			inputPaths = (
				"${PODS_PODFILE_DIR_PATH}/Podfile.lock",
				"${PODS_ROOT}/Manifest.lock",
			);
			name = "[CP] Check Pods Manifest.lock";
			outputFileListPaths = (
			);
			outputPaths = (
				"$(DERIVED_FILE_DIR)/Pods-BitcoinPriceTracker-checkManifestLockResult.txt",
			);
			runOnlyForDeploymentPostprocessing = 0;
			shellPath = /bin/sh;
			shellScript = "diff \"${PODS_PODFILE_DIR_PATH}/Podfile.lock\" \"${PODS_ROOT}/Manifest.lock\" > /dev/null\nif [ $? != 0 ] ; then\n    # print error to STDERR\n    echo \"error: The sandbox is not in sync with the Podfile.lock. Run 'pod install' or update your CocoaPods installation.\" >&2\n    exit 1\nfi\n# This output is used by Xcode 'outputs' to avoid re-running this script phase.\necho \"SUCCESS\" > \"${SCRIPT_OUTPUT_FILE_0}\"\n";
			showEnvVarsInLog = 0;
		};
		20AA7DDF6E3CE6AAA7D10A15 /* [CP] Embed Pods Frameworks */ = {
			isa = PBXShellScriptBuildPhase;
			buildActionMask = 2147483647;
			files = (
			);
			inputFileListPaths = (
			);
			inputPaths = (
				"${PODS_ROOT}/Target Support Files/Pods-BitcoinPriceTracker/Pods-BitcoinPriceTracker-frameworks.sh",
				"${BUILT_PRODUCTS_DIR}/EFCountingLabel/EFCountingLabel.framework",
				"${BUILT_PRODUCTS_DIR}/SwiftChart/SwiftChart.framework",
			);
			name = "[CP] Embed Pods Frameworks";
			outputFileListPaths = (
			);
			outputPaths = (
				"${TARGET_BUILD_DIR}/${FRAMEWORKS_FOLDER_PATH}/EFCountingLabel.framework",
				"${TARGET_BUILD_DIR}/${FRAMEWORKS_FOLDER_PATH}/SwiftChart.framework",
			);
			runOnlyForDeploymentPostprocessing = 0;
			shellPath = /bin/sh;
			shellScript = "\"${PODS_ROOT}/Target Support Files/Pods-BitcoinPriceTracker/Pods-BitcoinPriceTracker-frameworks.sh\"\n";
			showEnvVarsInLog = 0;
		};
		3B89B50358C390BC7E96D518 /* [CP] Check Pods Manifest.lock */ = {
			isa = PBXShellScriptBuildPhase;
			buildActionMask = 2147483647;
			files = (
			);
			inputFileListPaths = (
			);
			inputPaths = (
				"${PODS_PODFILE_DIR_PATH}/Podfile.lock",
				"${PODS_ROOT}/Manifest.lock",
			);
			name = "[CP] Check Pods Manifest.lock";
			outputFileListPaths = (
			);
			outputPaths = (
				"$(DERIVED_FILE_DIR)/Pods-BitcoinPriceTrackerTests-checkManifestLockResult.txt",
			);
			runOnlyForDeploymentPostprocessing = 0;
			shellPath = /bin/sh;
			shellScript = "diff \"${PODS_PODFILE_DIR_PATH}/Podfile.lock\" \"${PODS_ROOT}/Manifest.lock\" > /dev/null\nif [ $? != 0 ] ; then\n    # print error to STDERR\n    echo \"error: The sandbox is not in sync with the Podfile.lock. Run 'pod install' or update your CocoaPods installation.\" >&2\n    exit 1\nfi\n# This output is used by Xcode 'outputs' to avoid re-running this script phase.\necho \"SUCCESS\" > \"${SCRIPT_OUTPUT_FILE_0}\"\n";
			showEnvVarsInLog = 0;
		};
		FF6CC044C8F427D3F5FC959F /* [CP] Check Pods Manifest.lock */ = {
			isa = PBXShellScriptBuildPhase;
			buildActionMask = 2147483647;
			files = (
			);
			inputFileListPaths = (
			);
			inputPaths = (
				"${PODS_PODFILE_DIR_PATH}/Podfile.lock",
				"${PODS_ROOT}/Manifest.lock",
			);
			name = "[CP] Check Pods Manifest.lock";
			outputFileListPaths = (
			);
			outputPaths = (
				"$(DERIVED_FILE_DIR)/Pods-BitcoinPriceTrackerUITests-checkManifestLockResult.txt",
			);
			runOnlyForDeploymentPostprocessing = 0;
			shellPath = /bin/sh;
			shellScript = "diff \"${PODS_PODFILE_DIR_PATH}/Podfile.lock\" \"${PODS_ROOT}/Manifest.lock\" > /dev/null\nif [ $? != 0 ] ; then\n    # print error to STDERR\n    echo \"error: The sandbox is not in sync with the Podfile.lock. Run 'pod install' or update your CocoaPods installation.\" >&2\n    exit 1\nfi\n# This output is used by Xcode 'outputs' to avoid re-running this script phase.\necho \"SUCCESS\" > \"${SCRIPT_OUTPUT_FILE_0}\"\n";
			showEnvVarsInLog = 0;
		};
/* End PBXShellScriptBuildPhase section */

/* Begin PBXSourcesBuildPhase section */
		7820172A2250902B00DDF496 /* Sources */ = {
			isa = PBXSourcesBuildPhase;
			buildActionMask = 2147483647;
			files = (
				782017342250902B00DDF496 /* ViewController.swift in Sources */,
				7820173A2250902B00DDF496 /* BitcoinPriceTracker.xcdatamodeld in Sources */,
				782017322250902B00DDF496 /* AppDelegate.swift in Sources */,
			);
			runOnlyForDeploymentPostprocessing = 0;
		};
		782017412250902D00DDF496 /* Sources */ = {
			isa = PBXSourcesBuildPhase;
			buildActionMask = 2147483647;
			files = (
				7820174A2250902D00DDF496 /* BitcoinPriceTrackerTests.swift in Sources */,
			);
			runOnlyForDeploymentPostprocessing = 0;
		};
		7820174C2250902D00DDF496 /* Sources */ = {
			isa = PBXSourcesBuildPhase;
			buildActionMask = 2147483647;
			files = (
				782017552250902D00DDF496 /* BitcoinPriceTrackerUITests.swift in Sources */,
			);
			runOnlyForDeploymentPostprocessing = 0;
		};
/* End PBXSourcesBuildPhase section */

/* Begin PBXTargetDependency section */
		782017472250902D00DDF496 /* PBXTargetDependency */ = {
			isa = PBXTargetDependency;
			target = 7820172D2250902B00DDF496 /* BitcoinPriceTracker */;
			targetProxy = 782017462250902D00DDF496 /* PBXContainerItemProxy */;
		};
		782017522250902D00DDF496 /* PBXTargetDependency */ = {
			isa = PBXTargetDependency;
			target = 7820172D2250902B00DDF496 /* BitcoinPriceTracker */;
			targetProxy = 782017512250902D00DDF496 /* PBXContainerItemProxy */;
		};
/* End PBXTargetDependency section */

/* Begin PBXVariantGroup section */
		782017352250902B00DDF496 /* Main.storyboard */ = {
			isa = PBXVariantGroup;
			children = (
				782017362250902B00DDF496 /* Base */,
			);
			name = Main.storyboard;
			sourceTree = "<group>";
		};
		7820173D2250902D00DDF496 /* LaunchScreen.storyboard */ = {
			isa = PBXVariantGroup;
			children = (
				7820173E2250902D00DDF496 /* Base */,
			);
			name = LaunchScreen.storyboard;
			sourceTree = "<group>";
		};
/* End PBXVariantGroup section */

/* Begin XCBuildConfiguration section */
		782017572250902D00DDF496 /* Debug */ = {
			isa = XCBuildConfiguration;
			buildSettings = {
				ALWAYS_SEARCH_USER_PATHS = NO;
				CLANG_ANALYZER_NONNULL = YES;
				CLANG_ANALYZER_NUMBER_OBJECT_CONVERSION = YES_AGGRESSIVE;
				CLANG_CXX_LANGUAGE_STANDARD = "gnu++14";
				CLANG_CXX_LIBRARY = "libc++";
				CLANG_ENABLE_MODULES = YES;
				CLANG_ENABLE_OBJC_ARC = YES;
				CLANG_ENABLE_OBJC_WEAK = YES;
				CLANG_WARN_BLOCK_CAPTURE_AUTORELEASING = YES;
				CLANG_WARN_BOOL_CONVERSION = YES;
				CLANG_WARN_COMMA = YES;
				CLANG_WARN_CONSTANT_CONVERSION = YES;
				CLANG_WARN_DEPRECATED_OBJC_IMPLEMENTATIONS = YES;
				CLANG_WARN_DIRECT_OBJC_ISA_USAGE = YES_ERROR;
				CLANG_WARN_DOCUMENTATION_COMMENTS = YES;
				CLANG_WARN_EMPTY_BODY = YES;
				CLANG_WARN_ENUM_CONVERSION = YES;
				CLANG_WARN_INFINITE_RECURSION = YES;
				CLANG_WARN_INT_CONVERSION = YES;
				CLANG_WARN_NON_LITERAL_NULL_CONVERSION = YES;
				CLANG_WARN_OBJC_IMPLICIT_RETAIN_SELF = YES;
				CLANG_WARN_OBJC_LITERAL_CONVERSION = YES;
				CLANG_WARN_OBJC_ROOT_CLASS = YES_ERROR;
				CLANG_WARN_RANGE_LOOP_ANALYSIS = YES;
				CLANG_WARN_STRICT_PROTOTYPES = YES;
				CLANG_WARN_SUSPICIOUS_MOVE = YES;
				CLANG_WARN_UNGUARDED_AVAILABILITY = YES_AGGRESSIVE;
				CLANG_WARN_UNREACHABLE_CODE = YES;
				CLANG_WARN__DUPLICATE_METHOD_MATCH = YES;
				CODE_SIGN_IDENTITY = "iPhone Developer";
				COPY_PHASE_STRIP = NO;
				DEBUG_INFORMATION_FORMAT = dwarf;
				ENABLE_STRICT_OBJC_MSGSEND = YES;
				ENABLE_TESTABILITY = YES;
				GCC_C_LANGUAGE_STANDARD = gnu11;
				GCC_DYNAMIC_NO_PIC = NO;
				GCC_NO_COMMON_BLOCKS = YES;
				GCC_OPTIMIZATION_LEVEL = 0;
				GCC_PREPROCESSOR_DEFINITIONS = (
					"DEBUG=1",
					"$(inherited)",
				);
				GCC_WARN_64_TO_32_BIT_CONVERSION = YES;
				GCC_WARN_ABOUT_RETURN_TYPE = YES_ERROR;
				GCC_WARN_UNDECLARED_SELECTOR = YES;
				GCC_WARN_UNINITIALIZED_AUTOS = YES_AGGRESSIVE;
				GCC_WARN_UNUSED_FUNCTION = YES;
				GCC_WARN_UNUSED_VARIABLE = YES;
				IPHONEOS_DEPLOYMENT_TARGET = 12.1;
				MTL_ENABLE_DEBUG_INFO = INCLUDE_SOURCE;
				MTL_FAST_MATH = YES;
				ONLY_ACTIVE_ARCH = YES;
				SDKROOT = iphoneos;
				SWIFT_ACTIVE_COMPILATION_CONDITIONS = DEBUG;
				SWIFT_OPTIMIZATION_LEVEL = "-Onone";
			};
			name = Debug;
		};
		782017582250902D00DDF496 /* Release */ = {
			isa = XCBuildConfiguration;
			buildSettings = {
				ALWAYS_SEARCH_USER_PATHS = NO;
				CLANG_ANALYZER_NONNULL = YES;
				CLANG_ANALYZER_NUMBER_OBJECT_CONVERSION = YES_AGGRESSIVE;
				CLANG_CXX_LANGUAGE_STANDARD = "gnu++14";
				CLANG_CXX_LIBRARY = "libc++";
				CLANG_ENABLE_MODULES = YES;
				CLANG_ENABLE_OBJC_ARC = YES;
				CLANG_ENABLE_OBJC_WEAK = YES;
				CLANG_WARN_BLOCK_CAPTURE_AUTORELEASING = YES;
				CLANG_WARN_BOOL_CONVERSION = YES;
				CLANG_WARN_COMMA = YES;
				CLANG_WARN_CONSTANT_CONVERSION = YES;
				CLANG_WARN_DEPRECATED_OBJC_IMPLEMENTATIONS = YES;
				CLANG_WARN_DIRECT_OBJC_ISA_USAGE = YES_ERROR;
				CLANG_WARN_DOCUMENTATION_COMMENTS = YES;
				CLANG_WARN_EMPTY_BODY = YES;
				CLANG_WARN_ENUM_CONVERSION = YES;
				CLANG_WARN_INFINITE_RECURSION = YES;
				CLANG_WARN_INT_CONVERSION = YES;
				CLANG_WARN_NON_LITERAL_NULL_CONVERSION = YES;
				CLANG_WARN_OBJC_IMPLICIT_RETAIN_SELF = YES;
				CLANG_WARN_OBJC_LITERAL_CONVERSION = YES;
				CLANG_WARN_OBJC_ROOT_CLASS = YES_ERROR;
				CLANG_WARN_RANGE_LOOP_ANALYSIS = YES;
				CLANG_WARN_STRICT_PROTOTYPES = YES;
				CLANG_WARN_SUSPICIOUS_MOVE = YES;
				CLANG_WARN_UNGUARDED_AVAILABILITY = YES_AGGRESSIVE;
				CLANG_WARN_UNREACHABLE_CODE = YES;
				CLANG_WARN__DUPLICATE_METHOD_MATCH = YES;
				CODE_SIGN_IDENTITY = "iPhone Developer";
				COPY_PHASE_STRIP = NO;
				DEBUG_INFORMATION_FORMAT = "dwarf-with-dsym";
				ENABLE_NS_ASSERTIONS = NO;
				ENABLE_STRICT_OBJC_MSGSEND = YES;
				GCC_C_LANGUAGE_STANDARD = gnu11;
				GCC_NO_COMMON_BLOCKS = YES;
				GCC_WARN_64_TO_32_BIT_CONVERSION = YES;
				GCC_WARN_ABOUT_RETURN_TYPE = YES_ERROR;
				GCC_WARN_UNDECLARED_SELECTOR = YES;
				GCC_WARN_UNINITIALIZED_AUTOS = YES_AGGRESSIVE;
				GCC_WARN_UNUSED_FUNCTION = YES;
				GCC_WARN_UNUSED_VARIABLE = YES;
				IPHONEOS_DEPLOYMENT_TARGET = 12.1;
				MTL_ENABLE_DEBUG_INFO = NO;
				MTL_FAST_MATH = YES;
				SDKROOT = iphoneos;
				SWIFT_COMPILATION_MODE = wholemodule;
				SWIFT_OPTIMIZATION_LEVEL = "-O";
				VALIDATE_PRODUCT = YES;
			};
			name = Release;
		};
		7820175A2250902D00DDF496 /* Debug */ = {
			isa = XCBuildConfiguration;
			baseConfigurationReference = B7D0D0B6DE5C6EB039E24595 /* Pods-BitcoinPriceTracker.debug.xcconfig */;
			buildSettings = {
				ASSETCATALOG_COMPILER_APPICON_NAME = AppIcon;
				CODE_SIGN_STYLE = Automatic;
				INFOPLIST_FILE = BitcoinPriceTracker/Info.plist;
				LD_RUNPATH_SEARCH_PATHS = (
					"$(inherited)",
					"@executable_path/Frameworks",
				);
				PRODUCT_BUNDLE_IDENTIFIER = amog787.BitcoinPriceTracker;
				PRODUCT_NAME = "$(TARGET_NAME)";
				SWIFT_VERSION = 4.2;
				TARGETED_DEVICE_FAMILY = "1,2";
			};
			name = Debug;
		};
		7820175B2250902D00DDF496 /* Release */ = {
			isa = XCBuildConfiguration;
			baseConfigurationReference = E2E7BEE644AB10C1A3771B83 /* Pods-BitcoinPriceTracker.release.xcconfig */;
			buildSettings = {
				ASSETCATALOG_COMPILER_APPICON_NAME = AppIcon;
				CODE_SIGN_STYLE = Automatic;
				INFOPLIST_FILE = BitcoinPriceTracker/Info.plist;
				LD_RUNPATH_SEARCH_PATHS = (
					"$(inherited)",
					"@executable_path/Frameworks",
				);
				PRODUCT_BUNDLE_IDENTIFIER = amog787.BitcoinPriceTracker;
				PRODUCT_NAME = "$(TARGET_NAME)";
				SWIFT_VERSION = 4.2;
				TARGETED_DEVICE_FAMILY = "1,2";
			};
			name = Release;
		};
		7820175D2250902D00DDF496 /* Debug */ = {
			isa = XCBuildConfiguration;
			baseConfigurationReference = 289A436CCEF2F1ACD4A79E19 /* Pods-BitcoinPriceTrackerTests.debug.xcconfig */;
			buildSettings = {
				ALWAYS_EMBED_SWIFT_STANDARD_LIBRARIES = YES;
				BUNDLE_LOADER = "$(TEST_HOST)";
				CODE_SIGN_STYLE = Automatic;
				INFOPLIST_FILE = BitcoinPriceTrackerTests/Info.plist;
				LD_RUNPATH_SEARCH_PATHS = (
					"$(inherited)",
					"@executable_path/Frameworks",
					"@loader_path/Frameworks",
				);
				PRODUCT_BUNDLE_IDENTIFIER = amog787.BitcoinPriceTrackerTests;
				PRODUCT_NAME = "$(TARGET_NAME)";
				SWIFT_VERSION = 4.2;
				TARGETED_DEVICE_FAMILY = "1,2";
				TEST_HOST = "$(BUILT_PRODUCTS_DIR)/BitcoinPriceTracker.app/BitcoinPriceTracker";
			};
			name = Debug;
		};
		7820175E2250902D00DDF496 /* Release */ = {
			isa = XCBuildConfiguration;
			baseConfigurationReference = 7F32AB7441AAA0D88E811806 /* Pods-BitcoinPriceTrackerTests.release.xcconfig */;
			buildSettings = {
				ALWAYS_EMBED_SWIFT_STANDARD_LIBRARIES = YES;
				BUNDLE_LOADER = "$(TEST_HOST)";
				CODE_SIGN_STYLE = Automatic;
				INFOPLIST_FILE = BitcoinPriceTrackerTests/Info.plist;
				LD_RUNPATH_SEARCH_PATHS = (
					"$(inherited)",
					"@executable_path/Frameworks",
					"@loader_path/Frameworks",
				);
				PRODUCT_BUNDLE_IDENTIFIER = amog787.BitcoinPriceTrackerTests;
				PRODUCT_NAME = "$(TARGET_NAME)";
				SWIFT_VERSION = 4.2;
				TARGETED_DEVICE_FAMILY = "1,2";
				TEST_HOST = "$(BUILT_PRODUCTS_DIR)/BitcoinPriceTracker.app/BitcoinPriceTracker";
			};
			name = Release;
		};
		782017602250902D00DDF496 /* Debug */ = {
			isa = XCBuildConfiguration;
			baseConfigurationReference = A1AA48D88C7816AA9C9E7F34 /* Pods-BitcoinPriceTrackerUITests.debug.xcconfig */;
			buildSettings = {
				ALWAYS_EMBED_SWIFT_STANDARD_LIBRARIES = YES;
				CODE_SIGN_STYLE = Automatic;
				INFOPLIST_FILE = BitcoinPriceTrackerUITests/Info.plist;
				LD_RUNPATH_SEARCH_PATHS = (
					"$(inherited)",
					"@executable_path/Frameworks",
					"@loader_path/Frameworks",
				);
				PRODUCT_BUNDLE_IDENTIFIER = amog787.BitcoinPriceTrackerUITests;
				PRODUCT_NAME = "$(TARGET_NAME)";
				SWIFT_VERSION = 4.2;
				TARGETED_DEVICE_FAMILY = "1,2";
				TEST_TARGET_NAME = BitcoinPriceTracker;
			};
			name = Debug;
		};
		782017612250902D00DDF496 /* Release */ = {
			isa = XCBuildConfiguration;
			baseConfigurationReference = ABB08FF8D9085D9268A59806 /* Pods-BitcoinPriceTrackerUITests.release.xcconfig */;
			buildSettings = {
				ALWAYS_EMBED_SWIFT_STANDARD_LIBRARIES = YES;
				CODE_SIGN_STYLE = Automatic;
				INFOPLIST_FILE = BitcoinPriceTrackerUITests/Info.plist;
				LD_RUNPATH_SEARCH_PATHS = (
					"$(inherited)",
					"@executable_path/Frameworks",
					"@loader_path/Frameworks",
				);
				PRODUCT_BUNDLE_IDENTIFIER = amog787.BitcoinPriceTrackerUITests;
				PRODUCT_NAME = "$(TARGET_NAME)";
				SWIFT_VERSION = 4.2;
				TARGETED_DEVICE_FAMILY = "1,2";
				TEST_TARGET_NAME = BitcoinPriceTracker;
			};
			name = Release;
		};
/* End XCBuildConfiguration section */

/* Begin XCConfigurationList section */
		782017292250902B00DDF496 /* Build configuration list for PBXProject "BitcoinPriceTracker" */ = {
			isa = XCConfigurationList;
			buildConfigurations = (
				782017572250902D00DDF496 /* Debug */,
				782017582250902D00DDF496 /* Release */,
			);
			defaultConfigurationIsVisible = 0;
			defaultConfigurationName = Release;
		};
		782017592250902D00DDF496 /* Build configuration list for PBXNativeTarget "BitcoinPriceTracker" */ = {
			isa = XCConfigurationList;
			buildConfigurations = (
				7820175A2250902D00DDF496 /* Debug */,
				7820175B2250902D00DDF496 /* Release */,
			);
			defaultConfigurationIsVisible = 0;
			defaultConfigurationName = Release;
		};
		7820175C2250902D00DDF496 /* Build configuration list for PBXNativeTarget "BitcoinPriceTrackerTests" */ = {
			isa = XCConfigurationList;
			buildConfigurations = (
				7820175D2250902D00DDF496 /* Debug */,
				7820175E2250902D00DDF496 /* Release */,
			);
			defaultConfigurationIsVisible = 0;
			defaultConfigurationName = Release;
		};
		7820175F2250902D00DDF496 /* Build configuration list for PBXNativeTarget "BitcoinPriceTrackerUITests" */ = {
			isa = XCConfigurationList;
			buildConfigurations = (
				782017602250902D00DDF496 /* Debug */,
				782017612250902D00DDF496 /* Release */,
			);
			defaultConfigurationIsVisible = 0;
			defaultConfigurationName = Release;
		};
/* End XCConfigurationList section */

/* Begin XCVersionGroup section */
		782017382250902B00DDF496 /* BitcoinPriceTracker.xcdatamodeld */ = {
			isa = XCVersionGroup;
			children = (
				782017392250902B00DDF496 /* BitcoinPriceTracker.xcdatamodel */,
			);
			currentVersion = 782017392250902B00DDF496 /* BitcoinPriceTracker.xcdatamodel */;
			path = BitcoinPriceTracker.xcdatamodeld;
			sourceTree = "<group>";
			versionGroupType = wrapper.xcdatamodel;
		};
/* End XCVersionGroup section */
	};
	rootObject = 782017262250902B00DDF496 /* Project object */;
}
